
Microsoft Visual Studio Solution File, Format Version 12.00
# Visual Studio Version 17
VisualStudioVersion = 17.5.33424.131
MinimumVisualStudioVersion = 10.0.40219.1
Project("{9A19103F-16F7-4668-BE54-9A1E7A4F7556}") = "WebStore.API", "WebStore.API\WebStore.API.csproj", "{A1D3B96E-A4C0-4F38-A855-3B25D2C3ACA2}"
EndProject
Project("{9A19103F-16F7-4668-BE54-9A1E7A4F7556}") = "WebStore.DAL", "WebStore.DAL\WebStore.DAL.csproj", "{5611364A-682C-4228-9A66-A653831FC8C3}"
EndProject
Project("{9A19103F-16F7-4668-BE54-9A1E7A4F7556}") = "WebStore.BLL", "WebStore.BLL\WebStore.BLL.csproj", "{5DDA69A2-0C51-4A3E-9601-6C6F705C87AB}"
EndProject
Project("{9A19103F-16F7-4668-BE54-9A1E7A4F7556}") = "WebStore.IntegrationTest", "WebStore.IntegrationTest\WebStore.IntegrationTest.csproj", "{7B4DBD76-EA48-4AB2-AA24-DFD1BF4DBC24}"
EndProject
Project("{FAE04EC0-301F-11D3-BF4B-00C04F79EFBC}") = "WebStore.UnitTest", "WebStore.UnitTest\WebStore.UnitTest.csproj", "{367D9AF9-98E6-4418-A2B1-31DC07876522}"
EndProject
Global
	GlobalSection(SolutionConfigurationPlatforms) = preSolution
		Debug|Any CPU = Debug|Any CPU
		Release|Any CPU = Release|Any CPU
	EndGlobalSection
	GlobalSection(ProjectConfigurationPlatforms) = postSolution
		{A1D3B96E-A4C0-4F38-A855-3B25D2C3ACA2}.Debug|Any CPU.ActiveCfg = Debug|Any CPU
		{A1D3B96E-A4C0-4F38-A855-3B25D2C3ACA2}.Debug|Any CPU.Build.0 = Debug|Any CPU
		{A1D3B96E-A4C0-4F38-A855-3B25D2C3ACA2}.Release|Any CPU.ActiveCfg = Release|Any CPU
		{A1D3B96E-A4C0-4F38-A855-3B25D2C3ACA2}.Release|Any CPU.Build.0 = Release|Any CPU
		{5611364A-682C-4228-9A66-A653831FC8C3}.Debug|Any CPU.ActiveCfg = Debug|Any CPU
		{5611364A-682C-4228-9A66-A653831FC8C3}.Debug|Any CPU.Build.0 = Debug|Any CPU
		{5611364A-682C-4228-9A66-A653831FC8C3}.Release|Any CPU.ActiveCfg = Release|Any CPU
		{5611364A-682C-4228-9A66-A653831FC8C3}.Release|Any CPU.Build.0 = Release|Any CPU
		{5DDA69A2-0C51-4A3E-9601-6C6F705C87AB}.Debug|Any CPU.ActiveCfg = Debug|Any CPU
		{5DDA69A2-0C51-4A3E-9601-6C6F705C87AB}.Debug|Any CPU.Build.0 = Debug|Any CPU
		{5DDA69A2-0C51-4A3E-9601-6C6F705C87AB}.Release|Any CPU.ActiveCfg = Release|Any CPU
		{5DDA69A2-0C51-4A3E-9601-6C6F705C87AB}.Release|Any CPU.Build.0 = Release|Any CPU
		{7B4DBD76-EA48-4AB2-AA24-DFD1BF4DBC24}.Debug|Any CPU.ActiveCfg = Debug|Any CPU
		{7B4DBD76-EA48-4AB2-AA24-DFD1BF4DBC24}.Debug|Any CPU.Build.0 = Debug|Any CPU
		{7B4DBD76-EA48-4AB2-AA24-DFD1BF4DBC24}.Release|Any CPU.ActiveCfg = Release|Any CPU
		{7B4DBD76-EA48-4AB2-AA24-DFD1BF4DBC24}.Release|Any CPU.Build.0 = Release|Any CPU
		{367D9AF9-98E6-4418-A2B1-31DC07876522}.Debug|Any CPU.ActiveCfg = Debug|Any CPU
		{367D9AF9-98E6-4418-A2B1-31DC07876522}.Debug|Any CPU.Build.0 = Debug|Any CPU
		{367D9AF9-98E6-4418-A2B1-31DC07876522}.Release|Any CPU.ActiveCfg = Release|Any CPU
		{367D9AF9-98E6-4418-A2B1-31DC07876522}.Release|Any CPU.Build.0 = Release|Any CPU
	EndGlobalSection
	GlobalSection(SolutionProperties) = preSolution
		HideSolutionNode = FALSE
	EndGlobalSection
	GlobalSection(ExtensibilityGlobals) = postSolution
		SolutionGuid = {16AD387E-E017-4855-A9FE-8386A1B0CA1F}
	EndGlobalSection
EndGlobal
